// !$*UTF8*$!
{
	archiveVersion = 1;
	classes = {
	};
	objectVersion = 46;
	objects = {

/* Begin PBXBuildFile section */
		1D94A9761C699761008F2D61 /* DetailViewController.swift in Sources */ = {isa = PBXBuildFile; fileRef = 1D94A9751C699761008F2D61 /* DetailViewController.swift */; };
		1DAF1E691C603B9900035C3F /* AppDelegate.swift in Sources */ = {isa = PBXBuildFile; fileRef = 1DAF1E681C603B9900035C3F /* AppDelegate.swift */; };
		1DAF1E6E1C603B9900035C3F /* Main.storyboard in Resources */ = {isa = PBXBuildFile; fileRef = 1DAF1E6C1C603B9900035C3F /* Main.storyboard */; };
		1DAF1E701C603B9900035C3F /* Assets.xcassets in Resources */ = {isa = PBXBuildFile; fileRef = 1DAF1E6F1C603B9900035C3F /* Assets.xcassets */; };
		1DAF1E731C603B9900035C3F /* LaunchScreen.storyboard in Resources */ = {isa = PBXBuildFile; fileRef = 1DAF1E711C603B9900035C3F /* LaunchScreen.storyboard */; };
		1DAF1E7B1C604ABA00035C3F /* MoviesViewController.swift in Sources */ = {isa = PBXBuildFile; fileRef = 1DAF1E7A1C604ABA00035C3F /* MoviesViewController.swift */; };
		1DAF1E7E1C605F4700035C3F /* MovieCell.swift in Sources */ = {isa = PBXBuildFile; fileRef = 1DAF1E7D1C605F4700035C3F /* MovieCell.swift */; };
		A7740D1E0E7DC3800C6B41A6 /* Pods_MovieViewer.framework in Frameworks */ = {isa = PBXBuildFile; fileRef = 6E0BAE55791768C68346C888 /* Pods_MovieViewer.framework */; };
/* End PBXBuildFile section */

/* Begin PBXFileReference section */
		0F806B8F5A14DC82115AC3D3 /* Pods-MovieViewer.debug.xcconfig */ = {isa = PBXFileReference; includeInIndex = 1; lastKnownFileType = text.xcconfig; name = "Pods-MovieViewer.debug.xcconfig"; path = "Pods/Target Support Files/Pods-MovieViewer/Pods-MovieViewer.debug.xcconfig"; sourceTree = "<group>"; };
		1D94A9751C699761008F2D61 /* DetailViewController.swift */ = {isa = PBXFileReference; fileEncoding = 4; lastKnownFileType = sourcecode.swift; path = DetailViewController.swift; sourceTree = "<group>"; };
		1DAF1E651C603B9900035C3F /* MovieViewer.app */ = {isa = PBXFileReference; explicitFileType = wrapper.application; includeInIndex = 0; path = MovieViewer.app; sourceTree = BUILT_PRODUCTS_DIR; };
		1DAF1E681C603B9900035C3F /* AppDelegate.swift */ = {isa = PBXFileReference; lastKnownFileType = sourcecode.swift; path = AppDelegate.swift; sourceTree = "<group>"; };
		1DAF1E6D1C603B9900035C3F /* Base */ = {isa = PBXFileReference; lastKnownFileType = file.storyboard; name = Base; path = Base.lproj/Main.storyboard; sourceTree = "<group>"; };
		1DAF1E6F1C603B9900035C3F /* Assets.xcassets */ = {isa = PBXFileReference; lastKnownFileType = folder.assetcatalog; path = Assets.xcassets; sourceTree = "<group>"; };
		1DAF1E721C603B9900035C3F /* Base */ = {isa = PBXFileReference; lastKnownFileType = file.storyboard; name = Base; path = Base.lproj/LaunchScreen.storyboard; sourceTree = "<group>"; };
		1DAF1E741C603B9900035C3F /* Info.plist */ = {isa = PBXFileReference; lastKnownFileType = text.plist.xml; path = Info.plist; sourceTree = "<group>"; };
		1DAF1E7A1C604ABA00035C3F /* MoviesViewController.swift */ = {isa = PBXFileReference; fileEncoding = 4; lastKnownFileType = sourcecode.swift; path = MoviesViewController.swift; sourceTree = "<group>"; };
		1DAF1E7D1C605F4700035C3F /* MovieCell.swift */ = {isa = PBXFileReference; fileEncoding = 4; lastKnownFileType = sourcecode.swift; path = MovieCell.swift; sourceTree = "<group>"; };
		6E0BAE55791768C68346C888 /* Pods_MovieViewer.framework */ = {isa = PBXFileReference; explicitFileType = wrapper.framework; includeInIndex = 0; path = Pods_MovieViewer.framework; sourceTree = BUILT_PRODUCTS_DIR; };
		CB8B1F8C209604A9EEF9A53B /* Pods-MovieViewer.release.xcconfig */ = {isa = PBXFileReference; includeInIndex = 1; lastKnownFileType = text.xcconfig; name = "Pods-MovieViewer.release.xcconfig"; path = "Pods/Target Support Files/Pods-MovieViewer/Pods-MovieViewer.release.xcconfig"; sourceTree = "<group>"; };
/* End PBXFileReference section */

/* Begin PBXFrameworksBuildPhase section */
		1DAF1E621C603B9900035C3F /* Frameworks */ = {
			isa = PBXFrameworksBuildPhase;
			buildActionMask = 2147483647;
			files = (
				A7740D1E0E7DC3800C6B41A6 /* Pods_MovieViewer.framework in Frameworks */,
			);
			runOnlyForDeploymentPostprocessing = 0;
		};
/* End PBXFrameworksBuildPhase section */

/* Begin PBXGroup section */
		1DAF1E5C1C603B9900035C3F = {
			isa = PBXGroup;
			children = (
				1DAF1E671C603B9900035C3F /* MovieViewer */,
				1DAF1E661C603B9900035C3F /* Products */,
				DC051A85192913246ED3739B /* Pods */,
				63421B86E93B904E571122BC /* Frameworks */,
			);
			sourceTree = "<group>";
		};
		1DAF1E661C603B9900035C3F /* Products */ = {
			isa = PBXGroup;
			children = (
				1DAF1E651C603B9900035C3F /* MovieViewer.app */,
			);
			name = Products;
			sourceTree = "<group>";
		};
		1DAF1E671C603B9900035C3F /* MovieViewer */ = {
			isa = PBXGroup;
			children = (
				1DAF1E7F1C605F5300035C3F /* View Controllers */,
				1DAF1E7C1C605F0E00035C3F /* Views */,
				1DAF1E681C603B9900035C3F /* AppDelegate.swift */,
				1DAF1E6C1C603B9900035C3F /* Main.storyboard */,
				1DAF1E6F1C603B9900035C3F /* Assets.xcassets */,
				1DAF1E711C603B9900035C3F /* LaunchScreen.storyboard */,
				1DAF1E741C603B9900035C3F /* Info.plist */,
			);
			path = MovieViewer;
			sourceTree = "<group>";
		};
		1DAF1E7C1C605F0E00035C3F /* Views */ = {
			isa = PBXGroup;
			children = (
				1DAF1E7D1C605F4700035C3F /* MovieCell.swift */,
			);
			name = Views;
			sourceTree = "<group>";
		};
		1DAF1E7F1C605F5300035C3F /* View Controllers */ = {
			isa = PBXGroup;
			children = (
				1DAF1E7A1C604ABA00035C3F /* MoviesViewController.swift */,
				1D94A9751C699761008F2D61 /* DetailViewController.swift */,
			);
			name = "View Controllers";
			sourceTree = "<group>";
		};
		63421B86E93B904E571122BC /* Frameworks */ = {
			isa = PBXGroup;
			children = (
				6E0BAE55791768C68346C888 /* Pods_MovieViewer.framework */,
			);
			name = Frameworks;
			sourceTree = "<group>";
		};
		DC051A85192913246ED3739B /* Pods */ = {
			isa = PBXGroup;
			children = (
				0F806B8F5A14DC82115AC3D3 /* Pods-MovieViewer.debug.xcconfig */,
				CB8B1F8C209604A9EEF9A53B /* Pods-MovieViewer.release.xcconfig */,
			);
			name = Pods;
			sourceTree = "<group>";
		};
/* End PBXGroup section */

/* Begin PBXNativeTarget section */
		1DAF1E641C603B9900035C3F /* MovieViewer */ = {
			isa = PBXNativeTarget;
			buildConfigurationList = 1DAF1E771C603B9900035C3F /* Build configuration list for PBXNativeTarget "MovieViewer" */;
			buildPhases = (
				F3388877A1ADF8A6DD39A5A2 /* Check Pods Manifest.lock */,
				1DAF1E611C603B9900035C3F /* Sources */,
				1DAF1E621C603B9900035C3F /* Frameworks */,
				1DAF1E631C603B9900035C3F /* Resources */,
				708E29E2D56B215456060171 /* Embed Pods Frameworks */,
				273A722243588DCAFE09BA24 /* Copy Pods Resources */,
			);
			buildRules = (
			);
			dependencies = (
			);
			name = MovieViewer;
			productName = MovieViewer;
			productReference = 1DAF1E651C603B9900035C3F /* MovieViewer.app */;
			productType = "com.apple.product-type.application";
		};
/* End PBXNativeTarget section */

/* Begin PBXProject section */
		1DAF1E5D1C603B9900035C3F /* Project object */ = {
			isa = PBXProject;
			attributes = {
				LastSwiftUpdateCheck = 0720;
				LastUpgradeCheck = 0720;
				ORGANIZATIONNAME = "Lawrence Chong";
				TargetAttributes = {
					1DAF1E641C603B9900035C3F = {
						CreatedOnToolsVersion = 7.2;
					};
				};
			};
			buildConfigurationList = 1DAF1E601C603B9900035C3F /* Build configuration list for PBXProject "MovieViewer" */;
			compatibilityVersion = "Xcode 3.2";
			developmentRegion = English;
			hasScannedForEncodings = 0;
			knownRegions = (
				en,
				Base,
			);
			mainGroup = 1DAF1E5C1C603B9900035C3F;
			productRefGroup = 1DAF1E661C603B9900035C3F /* Products */;
			projectDirPath = "";
			projectRoot = "";
			targets = (
				1DAF1E641C603B9900035C3F /* MovieViewer */,
			);
		};
/* End PBXProject section */

/* Begin PBXResourcesBuildPhase section */
		1DAF1E631C603B9900035C3F /* Resources */ = {
			isa = PBXResourcesBuildPhase;
			buildActionMask = 2147483647;
			files = (
				1DAF1E731C603B9900035C3F /* LaunchScreen.storyboard in Resources */,
				1DAF1E701C603B9900035C3F /* Assets.xcassets in Resources */,
				1DAF1E6E1C603B9900035C3F /* Main.storyboard in Resources */,
			);
			runOnlyForDeploymentPostprocessing = 0;
		};
/* End PBXResourcesBuildPhase section */

/* Begin PBXShellScriptBuildPhase section */
		273A722243588DCAFE09BA24 /* Copy Pods Resources */ = {
			isa = PBXShellScriptBuildPhase;
			buildActionMask = 2147483647;
			files = (
			);
			inputPaths = (
			);
			name = "Copy Pods Resources";
			outputPaths = (
			);
			runOnlyForDeploymentPostprocessing = 0;
			shellPath = /bin/sh;
			shellScript = "\"${SRCROOT}/Pods/Target Support Files/Pods-MovieViewer/Pods-MovieViewer-resources.sh\"\n";
			showEnvVarsInLog = 0;
		};
		708E29E2D56B215456060171 /* Embed Pods Frameworks */ = {
			isa = PBXShellScriptBuildPhase;
			buildActionMask = 2147483647;
			files = (
			);
			inputPaths = (
			);
			name = "Embed Pods Frameworks";
			outputPaths = (
			);
			runOnlyForDeploymentPostprocessing = 0;
			shellPath = /bin/sh;
			shellScript = "\"${SRCROOT}/Pods/Target Support Files/Pods-MovieViewer/Pods-MovieViewer-frameworks.sh\"\n";
			showEnvVarsInLog = 0;
		};
		F3388877A1ADF8A6DD39A5A2 /* Check Pods Manifest.lock */ = {
			isa = PBXShellScriptBuildPhase;
			buildActionMask = 2147483647;
			files = (
			);
			inputPaths = (
			);
			name = "Check Pods Manifest.lock";
			outputPaths = (
			);
			runOnlyForDeploymentPostprocessing = 0;
			shellPath = /bin/sh;
			shellScript = "diff \"${PODS_ROOT}/../Podfile.lock\" \"${PODS_ROOT}/Manifest.lock\" > /dev/null\nif [[ $? != 0 ]] ; then\n    cat << EOM\nerror: The sandbox is not in sync with the Podfile.lock. Run 'pod install' or update your CocoaPods installation.\nEOM\n    exit 1\nfi\n";
			showEnvVarsInLog = 0;
		};
/* End PBXShellScriptBuildPhase section */

/* Begin PBXSourcesBuildPhase section */
		1DAF1E611C603B9900035C3F /* Sources */ = {
			isa = PBXSourcesBuildPhase;
			buildActionMask = 2147483647;
			files = (
				1DAF1E691C603B9900035C3F /* AppDelegate.swift in Sources */,
				1DAF1E7B1C604ABA00035C3F /* MoviesViewController.swift in Sources */,
				1DAF1E7E1C605F4700035C3F /* MovieCell.swift in Sources */,
				1D94A9761C699761008F2D61 /* DetailViewController.swift in Sources */,
			);
			runOnlyForDeploymentPostprocessing = 0;
		};
/* End PBXSourcesBuildPhase section */

/* Begin PBXVariantGroup section */
		1DAF1E6C1C603B9900035C3F /* Main.storyboard */ = {
			isa = PBXVariantGroup;
			children = (
				1DAF1E6D1C603B9900035C3F /* Base */,
			);
			name = Main.storyboard;
			sourceTree = "<group>";
		};
		1DAF1E711C603B9900035C3F /* LaunchScreen.storyboard */ = {
			isa = PBXVariantGroup;
			children = (
				1DAF1E721C603B9900035C3F /* Base */,
			);
			name = LaunchScreen.storyboard;
			sourceTree = "<group>";
		};
/* End PBXVariantGroup section */

/* Begin XCBuildConfiguration section */
		1DAF1E751C603B9900035C3F /* Debug */ = {
			isa = XCBuildConfiguration;
			buildSettings = {
				ALWAYS_SEARCH_USER_PATHS = NO;
				CLANG_CXX_LANGUAGE_STANDARD = "gnu++0x";
				CLANG_CXX_LIBRARY = "libc++";
				CLANG_ENABLE_MODULES = YES;
				CLANG_ENABLE_OBJC_ARC = YES;
				CLANG_WARN_BOOL_CONVERSION = YES;
				CLANG_WARN_CONSTANT_CONVERSION = YES;
				CLANG_WARN_DIRECT_OBJC_ISA_USAGE = YES_ERROR;
				CLANG_WARN_EMPTY_BODY = YES;
				CLANG_WARN_ENUM_CONVERSION = YES;
				CLANG_WARN_INT_CONVERSION = YES;
				CLANG_WARN_OBJC_ROOT_CLASS = YES_ERROR;
				CLANG_WARN_UNREACHABLE_CODE = YES;
				CLANG_WARN__DUPLICATE_METHOD_MATCH = YES;
				"CODE_SIGN_IDENTITY[sdk=iphoneos*]" = "iPhone Developer";
				COPY_PHASE_STRIP = NO;
				DEBUG_INFORMATION_FORMAT = dwarf;
				ENABLE_STRICT_OBJC_MSGSEND = YES;
				ENABLE_TESTABILITY = YES;
				GCC_C_LANGUAGE_STANDARD = gnu99;
				GCC_DYNAMIC_NO_PIC = NO;
				GCC_NO_COMMON_BLOCKS = YES;
				GCC_OPTIMIZATION_LEVEL = 0;
				GCC_PREPROCESSOR_DEFINITIONS = (
					"DEBUG=1",
					"$(inherited)",
				);
				GCC_WARN_64_TO_32_BIT_CONVERSION = YES;
				GCC_WARN_ABOUT_RETURN_TYPE = YES_ERROR;
				GCC_WARN_UNDECLARED_SELECTOR = YES;
				GCC_WARN_UNINITIALIZED_AUTOS = YES_AGGRESSIVE;
				GCC_WARN_UNUSED_FUNCTION = YES;
				GCC_WARN_UNUSED_VARIABLE = YES;
				IPHONEOS_DEPLOYMENT_TARGET = 9.2;
				MTL_ENABLE_DEBUG_INFO = YES;
				ONLY_ACTIVE_ARCH = YES;
				SDKROOT = iphoneos;
				SWIFT_OPTIMIZATION_LEVEL = "-Onone";
				TARGETED_DEVICE_FAMILY = "1,2";
			};
			name = Debug;
		};
		1DAF1E761C603B9900035C3F /* Release */ = {
			isa = XCBuildConfiguration;
			buildSettings = {
				ALWAYS_SEARCH_USER_PATHS = NO;
				CLANG_CXX_LANGUAGE_STANDARD = "gnu++0x";
				CLANG_CXX_LIBRARY = "libc++";
				CLANG_ENABLE_MODULES = YES;
				CLANG_ENABLE_OBJC_ARC = YES;
				CLANG_WARN_BOOL_CONVERSION = YES;
				CLANG_WARN_CONSTANT_CONVERSION = YES;
				CLANG_WARN_DIRECT_OBJC_ISA_USAGE = YES_ERROR;
				CLANG_WARN_EMPTY_BODY = YES;
				CLANG_WARN_ENUM_CONVERSION = YES;
				CLANG_WARN_INT_CONVERSION = YES;
				CLANG_WARN_OBJC_ROOT_CLASS = YES_ERROR;
				CLANG_WARN_UNREACHABLE_CODE = YES;
				CLANG_WARN__DUPLICATE_METHOD_MATCH = YES;
				"CODE_SIGN_IDENTITY[sdk=iphoneos*]" = "iPhone Developer";
				COPY_PHASE_STRIP = NO;
				DEBUG_INFORMATION_FORMAT = "dwarf-with-dsym";
				ENABLE_NS_ASSERTIONS = NO;
				ENABLE_STRICT_OBJC_MSGSEND = YES;
				GCC_C_LANGUAGE_STANDARD = gnu99;
				GCC_NO_COMMON_BLOCKS = YES;
				GCC_WARN_64_TO_32_BIT_CONVERSION = YES;
				GCC_WARN_ABOUT_RETURN_TYPE = YES_ERROR;
				GCC_WARN_UNDECLARED_SELECTOR = YES;
				GCC_WARN_UNINITIALIZED_AUTOS = YES_AGGRESSIVE;
				GCC_WARN_UNUSED_FUNCTION = YES;
				GCC_WARN_UNUSED_VARIABLE = YES;
				IPHONEOS_DEPLOYMENT_TARGET = 9.2;
				MTL_ENABLE_DEBUG_INFO = NO;
				SDKROOT = iphoneos;
				TARGETED_DEVICE_FAMILY = "1,2";
				VALIDATE_PRODUCT = YES;
			};
			name = Release;
		};
		1DAF1E781C603B9900035C3F /* Debug */ = {
			isa = XCBuildConfiguration;
			baseConfigurationReference = 0F806B8F5A14DC82115AC3D3 /* Pods-MovieViewer.debug.xcconfig */;
			buildSettings = {
				ASSETCATALOG_COMPILER_APPICON_NAME = AppIcon;
				INFOPLIST_FILE = MovieViewer/Info.plist;
				LD_RUNPATH_SEARCH_PATHS = "$(inherited) @executable_path/Frameworks";
				PRODUCT_BUNDLE_IDENTIFIER = lawrencechong.MovieViewer;
				PRODUCT_NAME = "$(TARGET_NAME)";
			};
			name = Debug;
		};
		1DAF1E791C603B9900035C3F /* Release */ = {
			isa = XCBuildConfiguration;
			baseConfigurationReference = CB8B1F8C209604A9EEF9A53B /* Pods-MovieViewer.release.xcconfig */;
			buildSettings = {
				ASSETCATALOG_COMPILER_APPICON_NAME = AppIcon;
				INFOPLIST_FILE = MovieViewer/Info.plist;
				LD_RUNPATH_SEARCH_PATHS = "$(inherited) @executable_path/Frameworks";
				PRODUCT_BUNDLE_IDENTIFIER = lawrencechong.MovieViewer;
				PRODUCT_NAME = "$(TARGET_NAME)";
			};
			name = Release;
		};
/* End XCBuildConfiguration section */

/* Begin XCConfigurationList section */
		1DAF1E601C603B9900035C3F /* Build configuration list for PBXProject "MovieViewer" */ = {
			isa = XCConfigurationList;
			buildConfigurations = (
				1DAF1E751C603B9900035C3F /* Debug */,
				1DAF1E761C603B9900035C3F /* Release */,
			);
			defaultConfigurationIsVisible = 0;
			defaultConfigurationName = Release;
		};
		1DAF1E771C603B9900035C3F /* Build configuration list for PBXNativeTarget "MovieViewer" */ = {
			isa = XCConfigurationList;
			buildConfigurations = (
				1DAF1E781C603B9900035C3F /* Debug */,
				1DAF1E791C603B9900035C3F /* Release */,
			);
			defaultConfigurationIsVisible = 0;
			defaultConfigurationName = Release;
		};
/* End XCConfigurationList section */
	};
	rootObject = 1DAF1E5D1C603B9900035C3F /* Project object */;
}
